
Microsoft Visual Studio Solution File, Format Version 12.00
# Visual Studio 15
VisualStudioVersion = 15.0.28307.421
MinimumVisualStudioVersion = 10.0.40219.1
Project("{FAE04EC0-301F-11D3-BF4B-00C04F79EFBC}") = "test", "test\test.csproj", "{32CBD9AB-43AA-4E5F-B5DC-15D5CDADB339}"
EndProject
Global
	GlobalSection(SolutionConfigurationPlatforms) = preSolution
		Debug|Any CPU = Debug|Any CPU
		Release|Any CPU = Release|Any CPU
	EndGlobalSection
	GlobalSection(ProjectConfigurationPlatforms) = postSolution
		{32CBD9AB-43AA-4E5F-B5DC-15D5CDADB339}.Debug|Any CPU.ActiveCfg = Debug|Any CPU
		{32CBD9AB-43AA-4E5F-B5DC-15D5CDADB339}.Debug|Any CPU.Build.0 = Debug|Any CPU
		{32CBD9AB-43AA-4E5F-B5DC-15D5CDADB339}.Release|Any CPU.ActiveCfg = Release|Any CPU
		{32CBD9AB-43AA-4E5F-B5DC-15D5CDADB339}.Release|Any CPU.Build.0 = Release|Any CPU
	EndGlobalSection
	GlobalSection(SolutionProperties) = preSolution
		HideSolutionNode = FALSE
	EndGlobalSection
	GlobalSection(ExtensibilityGlobals) = postSolution
		SolutionGuid = {2DDAC388-AA31-40DD-A994-077CCFBD7A8C}
	EndGlobalSection
EndGlobal
